{
    "_meta": {
        "hash": {
            "sha256": "cb10bd269c9d88702379eddf056b49f7ab58ab001481bf716f5b73f6f3c7197b"
        },
        "pipfile-spec": 6,
        "requires": {
            "python_full_version": "3.10.12",
            "python_version": "3.10"
        },
        "sources": [
            {
                "name": "pypi",
                "url": "http://127.0.0.1:5000",
                "verify_ssl": true
            }
        ]
    },
    "default": {},
    "develop": {}
}